
Microsoft Visual Studio Solution File, Format Version 12.00
# Visual Studio Version 17
VisualStudioVersion = 17.9.34607.119
MinimumVisualStudioVersion = 10.0.40219.1
Project("{FAE04EC0-301F-11D3-BF4B-00C04F79EFBC}") = "CV3_Evidence", "CV3_Evidence\CV3_Evidence.csproj", "{FA390973-581A-43BB-9516-64493E758491}"
EndProject
Global
	GlobalSection(SolutionConfigurationPlatforms) = preSolution
		Debug|Any CPU = Debug|Any CPU
		Release|Any CPU = Release|Any CPU
	EndGlobalSection
	GlobalSection(ProjectConfigurationPlatforms) = postSolution
		{FA390973-581A-43BB-9516-64493E758491}.Debug|Any CPU.ActiveCfg = Debug|Any CPU
		{FA390973-581A-43BB-9516-64493E758491}.Debug|Any CPU.Build.0 = Debug|Any CPU
		{FA390973-581A-43BB-9516-64493E758491}.Release|Any CPU.ActiveCfg = Release|Any CPU
		{FA390973-581A-43BB-9516-64493E758491}.Release|Any CPU.Build.0 = Release|Any CPU
	EndGlobalSection
	GlobalSection(SolutionProperties) = preSolution
		HideSolutionNode = FALSE
	EndGlobalSection
	GlobalSection(ExtensibilityGlobals) = postSolution
		SolutionGuid = {B0DCFDE2-0A97-4228-A1FD-8D97FAA3019B}
	EndGlobalSection
EndGlobal
